
Microsoft Visual Studio Solution File, Format Version 12.00
# Visual Studio 2012
Project("{FAE04EC0-301F-11D3-BF4B-00C04F79EFBC}") = "WorldGen", "WorldGen\WorldGen\WorldGen.csproj", "{DDB0CD1E-7665-4F21-8036-46A7F7AE8BF6}"
EndProject
Project("{96E2B04D-8817-42C6-938A-82C39BA4D311}") = "WorldGenContent", "WorldGen\WorldGenContent\WorldGenContent.contentproj", "{045F482C-F9A3-42EA-B304-44B0F3495061}"
EndProject
Global
	GlobalSection(SolutionConfigurationPlatforms) = preSolution
		Debug|Any CPU = Debug|Any CPU
		Debug|Mixed Platforms = Debug|Mixed Platforms
		Debug|x86 = Debug|x86
		Release|Any CPU = Release|Any CPU
		Release|Mixed Platforms = Release|Mixed Platforms
		Release|x86 = Release|x86
	EndGlobalSection
	GlobalSection(ProjectConfigurationPlatforms) = postSolution
		{DDB0CD1E-7665-4F21-8036-46A7F7AE8BF6}.Debug|Any CPU.ActiveCfg = Debug|x86
		{DDB0CD1E-7665-4F21-8036-46A7F7AE8BF6}.Debug|Mixed Platforms.ActiveCfg = Debug|x86
		{DDB0CD1E-7665-4F21-8036-46A7F7AE8BF6}.Debug|Mixed Platforms.Build.0 = Debug|x86
		{DDB0CD1E-7665-4F21-8036-46A7F7AE8BF6}.Debug|x86.ActiveCfg = Debug|x86
		{DDB0CD1E-7665-4F21-8036-46A7F7AE8BF6}.Debug|x86.Build.0 = Debug|x86
		{DDB0CD1E-7665-4F21-8036-46A7F7AE8BF6}.Release|Any CPU.ActiveCfg = Release|x86
		{DDB0CD1E-7665-4F21-8036-46A7F7AE8BF6}.Release|Mixed Platforms.ActiveCfg = Release|x86
		{DDB0CD1E-7665-4F21-8036-46A7F7AE8BF6}.Release|Mixed Platforms.Build.0 = Release|x86
		{DDB0CD1E-7665-4F21-8036-46A7F7AE8BF6}.Release|x86.ActiveCfg = Release|x86
		{DDB0CD1E-7665-4F21-8036-46A7F7AE8BF6}.Release|x86.Build.0 = Release|x86
		{045F482C-F9A3-42EA-B304-44B0F3495061}.Debug|Any CPU.ActiveCfg = Debug|x86
		{045F482C-F9A3-42EA-B304-44B0F3495061}.Debug|Mixed Platforms.ActiveCfg = Debug|x86
		{045F482C-F9A3-42EA-B304-44B0F3495061}.Debug|x86.ActiveCfg = Debug|x86
		{045F482C-F9A3-42EA-B304-44B0F3495061}.Release|Any CPU.ActiveCfg = Release|x86
		{045F482C-F9A3-42EA-B304-44B0F3495061}.Release|Mixed Platforms.ActiveCfg = Release|x86
		{045F482C-F9A3-42EA-B304-44B0F3495061}.Release|x86.ActiveCfg = Release|x86
	EndGlobalSection
	GlobalSection(SolutionProperties) = preSolution
		HideSolutionNode = FALSE
	EndGlobalSection
EndGlobal
